
Microsoft Visual Studio Solution File, Format Version 12.00
# Visual Studio 14
VisualStudioVersion = 14.0.25420.1
MinimumVisualStudioVersion = 10.0.40219.1
Project("{FAE04EC0-301F-11D3-BF4B-00C04F79EFBC}") = "Mod003263", "Mod003263\Mod003263.csproj", "{843061E9-5E5D-4211-9117-7B779FF28A19}"
EndProject
Project("{FAE04EC0-301F-11D3-BF4B-00C04F79EFBC}") = "Mod003263_Test", "Mod003263_Test\Mod003263_Test.csproj", "{6F022BB3-5FBC-409C-9519-AF62E99507A8}"
EndProject
Global
	GlobalSection(SolutionConfigurationPlatforms) = preSolution
		Debug|Any CPU = Debug|Any CPU
		Release|Any CPU = Release|Any CPU
	EndGlobalSection
	GlobalSection(ProjectConfigurationPlatforms) = postSolution
		{843061E9-5E5D-4211-9117-7B779FF28A19}.Debug|Any CPU.ActiveCfg = Debug|Any CPU
		{843061E9-5E5D-4211-9117-7B779FF28A19}.Debug|Any CPU.Build.0 = Debug|Any CPU
		{843061E9-5E5D-4211-9117-7B779FF28A19}.Release|Any CPU.ActiveCfg = Release|Any CPU
		{843061E9-5E5D-4211-9117-7B779FF28A19}.Release|Any CPU.Build.0 = Release|Any CPU
		{6F022BB3-5FBC-409C-9519-AF62E99507A8}.Debug|Any CPU.ActiveCfg = Debug|Any CPU
		{6F022BB3-5FBC-409C-9519-AF62E99507A8}.Debug|Any CPU.Build.0 = Debug|Any CPU
		{6F022BB3-5FBC-409C-9519-AF62E99507A8}.Release|Any CPU.ActiveCfg = Release|Any CPU
		{6F022BB3-5FBC-409C-9519-AF62E99507A8}.Release|Any CPU.Build.0 = Release|Any CPU
	EndGlobalSection
	GlobalSection(SolutionProperties) = preSolution
		HideSolutionNode = FALSE
	EndGlobalSection
EndGlobal
